# THIS IS AN AUTOGENERATED FILE. DO NOT EDIT THIS FILE DIRECTLY.
# yarn lockfile v1


axios-progress-bar@^1.2.0:
  version "1.2.0"
  resolved "https://registry.yarnpkg.com/axios-progress-bar/-/axios-progress-bar-1.2.0.tgz#f9ee88dc9af977246be1ef07eedfa4c990c639c5"
  integrity sha512-PEgWb/b2SMyHnKJ/cxA46OdCuNeVlo8eqL0HxXPtz+6G/Jtpyo49icPbW+jpO1wUeDEjbqpseMoCyWxESxf5pA==
